#MicroXplorer Configuration settings - do not modify
CAD.formats=
CAD.pinconfig=
CAD.provider=
File.Version=6
KeepUserPlacement=false
Mcu.CPN=STM32F411RET6
Mcu.Family=STM32F4
Mcu.IP0=CRC
Mcu.IP1=NVIC
Mcu.IP2=RCC
Mcu.IP3=SYS
Mcu.IP4=USART1
Mcu.IPNb=5
Mcu.Name=STM32F411R(C-E)Tx
Mcu.Package=LQFP64
Mcu.Pin0=PC13-ANTI_TAMP
Mcu.Pin1=PC14-OSC32_IN
Mcu.Pin10=PB3
Mcu.Pin11=VP_CRC_VS_CRC
Mcu.Pin12=VP_SYS_VS_Systick
Mcu.Pin13=VP_STMicroelectronics.X-CUBE-AI_VS_ArtificialOoIntelligenceJjXAaCUBEAaAI_8.1.0
Mcu.Pin14=VP_STMicroelectronics.X-CUBE-AI_VS_DeviceJjApplication_8.1.0
Mcu.Pin2=PC15-OSC32_OUT
Mcu.Pin3=PH0 - OSC_IN
Mcu.Pin4=PH1 - OSC_OUT
Mcu.Pin5=PA5
Mcu.Pin6=PA9
Mcu.Pin7=PA10
Mcu.Pin8=PA13
Mcu.Pin9=PA14
Mcu.PinsNb=15
Mcu.ThirdParty0=STMicroelectronics.X-CUBE-AI.8.1.0
Mcu.ThirdPartyNb=1
Mcu.UserConstants=
Mcu.UserName=STM32F411RETx
MxCube.Version=6.8.0
MxDb.Version=DB.6.0.80
NVIC.BusFault_IRQn=true\:0\:0\:false\:false\:true\:false\:false\:false
NVIC.DebugMonitor_IRQn=true\:0\:0\:false\:false\:true\:false\:false\:false
NVIC.ForceEnableDMAVector=true
NVIC.HardFault_IRQn=true\:0\:0\:false\:false\:true\:false\:false\:false
NVIC.MemoryManagement_IRQn=true\:0\:0\:false\:false\:true\:false\:false\:false
NVIC.NonMaskableInt_IRQn=true\:0\:0\:false\:false\:true\:false\:false\:false
NVIC.PendSV_IRQn=true\:0\:0\:false\:false\:true\:false\:false\:false
NVIC.PriorityGroup=NVIC_PRIORITYGROUP_0
NVIC.SVCall_IRQn=true\:0\:0\:false\:false\:true\:false\:false\:false
NVIC.SysTick_IRQn=true\:0\:0\:false\:false\:true\:true\:true\:false
NVIC.UsageFault_IRQn=true\:0\:0\:false\:false\:true\:false\:false\:false
PA10.Mode=Asynchronous
PA10.Signal=USART1_RX
PA13.GPIOParameters=GPIO_Label
PA13.GPIO_Label=TMS
PA13.Locked=true
PA13.Mode=Serial_Wire
PA13.Signal=SYS_JTMS-SWDIO
PA14.GPIOParameters=GPIO_Label
PA14.GPIO_Label=TCK
PA14.Locked=true
PA14.Mode=Serial_Wire
PA14.Signal=SYS_JTCK-SWCLK
PA5.GPIOParameters=GPIO_Label
PA5.GPIO_Label=LD2 [Green Led]
PA5.Locked=true
PA5.Signal=GPIO_Output
PA9.Mode=Asynchronous
PA9.Signal=USART1_TX
PB3.GPIOParameters=GPIO_Label
PB3.GPIO_Label=SWO
PB3.Locked=true
PB3.Signal=SYS_JTDO-SWO
PC13-ANTI_TAMP.GPIOParameters=GPIO_Label,GPIO_ModeDefaultEXTI
PC13-ANTI_TAMP.GPIO_Label=B1 [Blue PushButton]
PC13-ANTI_TAMP.GPIO_ModeDefaultEXTI=GPIO_MODE_IT_FALLING
PC13-ANTI_TAMP.Locked=true
PC13-ANTI_TAMP.Signal=GPXTI13
PC14-OSC32_IN.Locked=true
PC14-OSC32_IN.Signal=RCC_OSC32_IN
PC15-OSC32_OUT.Locked=true
PC15-OSC32_OUT.Signal=RCC_OSC32_OUT
PCC.Checker=false
PCC.Line=STM32F411
PCC.MCU=STM32F411R(C-E)Tx
PCC.PartNumber=STM32F411RETx
PCC.Series=STM32F4
PCC.Temperature=25
PCC.Vdd=1.7
PH0\ -\ OSC_IN.Locked=true
PH0\ -\ OSC_IN.Mode=HSE-External-Oscillator
PH0\ -\ OSC_IN.Signal=RCC_OSC_IN
PH1\ -\ OSC_OUT.Locked=true
PH1\ -\ OSC_OUT.Mode=HSE-External-Oscillator
PH1\ -\ OSC_OUT.Signal=RCC_OSC_OUT
PinOutPanel.RotationAngle=0
ProjectManager.AskForMigrate=true
ProjectManager.BackupPrevious=false
ProjectManager.CompilerLinker=GCC
ProjectManager.CompilerOptimize=6
ProjectManager.ComputerToolchain=false
ProjectManager.CoupleFile=false
ProjectManager.CustomerFirmwarePackage=
ProjectManager.DefaultFWLocation=true
ProjectManager.DeletePrevious=true
ProjectManager.DeviceId=STM32F411RETx
ProjectManager.FirmwarePackage=STM32Cube FW_F4 V1.27.1
ProjectManager.FreePins=false
ProjectManager.FreePinsContext=
ProjectManager.HalAssertFull=false
ProjectManager.HeapSize=0x800
ProjectManager.KeepUserCode=true
ProjectManager.LastFirmware=true
ProjectManager.LibraryCopy=1
ProjectManager.MainLocation=Core/Src
ProjectManager.NoMain=false
ProjectManager.PreviousToolchain=
ProjectManager.ProjectBuild=false
ProjectManager.ProjectFileName=NUCLEO-F411RE.ioc
ProjectManager.ProjectName=NUCLEO-F411RE
ProjectManager.ProjectStructure=
ProjectManager.RegisterCallBack=
ProjectManager.StackSize=0x800
ProjectManager.TargetToolchain=MDK-ARM V5.32
ProjectManager.ToolChainLocation=
ProjectManager.UAScriptAfterPath=
ProjectManager.UAScriptBeforePath=
ProjectManager.UnderRoot=false
ProjectManager.functionlistsort=1-SystemClock_Config-RCC-false-HAL-false,2-MX_GPIO_Init-GPIO-false-HAL-true,3-MX_CRC_Init-CRC-false-HAL-true,4-MX_USART1_UART_Init-USART1-false-HAL-true,5-MX_X_CUBE_AI_Init-STMicroelectronics.X-CUBE-AI.8.1.0-false-HAL-false,6-MX_X_CUBE_AI_Process-STMicroelectronics.X-CUBE-AI.8.1.0-false-HAL-false
RCC.48MHZClocksFreq_Value=28571428.57142857
RCC.AHBFreq_Value=100000000
RCC.APB1CLKDivider=RCC_HCLK_DIV2
RCC.APB1Freq_Value=50000000
RCC.APB1TimFreq_Value=100000000
RCC.APB2Freq_Value=100000000
RCC.APB2TimFreq_Value=100000000
RCC.CortexFreq_Value=100000000
RCC.EthernetFreq_Value=100000000
RCC.FCLKCortexFreq_Value=100000000
RCC.FLatency-AdvancedSettings=FLASH_LATENCY_3
RCC.FamilyName=M
RCC.HCLKFreq_Value=100000000
RCC.HSE_VALUE=8000000
RCC.HSI_VALUE=16000000
RCC.I2SClocksFreq_Value=48000000
RCC.IPParameters=48MHZClocksFreq_Value,AHBFreq_Value,APB1CLKDivider,APB1Freq_Value,APB1TimFreq_Value,APB2Freq_Value,APB2TimFreq_Value,CortexFreq_Value,EthernetFreq_Value,FCLKCortexFreq_Value,FLatency-AdvancedSettings,FamilyName,HCLKFreq_Value,HSE_VALUE,HSI_VALUE,I2SClocksFreq_Value,LSE_VALUE,LSI_VALUE,MCO2PinFreq_Value,PLLCLKFreq_Value,PLLM,PLLMUL,PLLN,PLLQ,PLLQCLKFreq_Value,PLLSourceVirtual,RCC_PLLsource_Clock_Source_FROM_HSE,RTCFreq_Value,RTCHSEDivFreq_Value,SYSCLKFreq_VALUE,SYSCLKSource,SYSCLKSourceVirtual,VCOI2SOutputFreq_Value,VCOInputFreq_Value,VCOInputMFreq_Value,VCOOutputFreq_Value,VcooutputI2S
RCC.LSE_VALUE=32768
RCC.LSI_VALUE=32000
RCC.MCO2PinFreq_Value=100000000
RCC.PLLCLKFreq_Value=100000000
RCC.PLLM=4
RCC.PLLMUL=RCC_PLL_MUL9
RCC.PLLN=100
RCC.PLLQ=7
RCC.PLLQCLKFreq_Value=28571428.57142857
RCC.PLLSourceVirtual=RCC_PLLSOURCE_HSE
RCC.RCC_PLLsource_Clock_Source_FROM_HSE=RCC_HSE_PREDIV_DIV2
RCC.RTCFreq_Value=32000
RCC.RTCHSEDivFreq_Value=4000000
RCC.SYSCLKFreq_VALUE=100000000
RCC.SYSCLKSource=RCC_SYSCLKSOURCE_PLLCLK
RCC.SYSCLKSourceVirtual=RCC_SYSCLKSOURCE_PLLCLK
RCC.VCOI2SOutputFreq_Value=96000000
RCC.VCOInputFreq_Value=2000000
RCC.VCOInputMFreq_Value=500000
RCC.VCOOutputFreq_Value=200000000
RCC.VcooutputI2S=48000000
SH.GPXTI13.0=GPIO_EXTI13
SH.GPXTI13.ConfNb=1
STMicroelectronics.X-CUBE-AI.8.1.0.ActivationBufferSizeList=0
STMicroelectronics.X-CUBE-AI.8.1.0.ActivationBuffers=(ai_handle) 0x20000000
STMicroelectronics.X-CUBE-AI.8.1.0.ApplicationCcDeviceJjApplication=SystemPerformance
STMicroelectronics.X-CUBE-AI.8.1.0.ArtificialOoIntelligenceJjXAaCUBEAaAI_Checked=true
STMicroelectronics.X-CUBE-AI.8.1.0.DeviceJjApplication_Checked=true
STMicroelectronics.X-CUBE-AI.8.1.0.HeapSize=0x800
STMicroelectronics.X-CUBE-AI.8.1.0.IPParameters=HeapSize,StackSize,ModelName-f3c1005d4d7f918ed1bac86d43d0881b4d4bcb70e91f0226daeb41e9713fe1c1,ModelType-f3c1005d4d7f918ed1bac86d43d0881b4d4bcb70e91f0226daeb41e9713fe1c1,ModelKind-f3c1005d4d7f918ed1bac86d43d0881b4d4bcb70e91f0226daeb41e9713fe1c1,ModelCompression-f3c1005d4d7f918ed1bac86d43d0881b4d4bcb70e91f0226daeb41e9713fe1c1,ModelStructureFile-f3c1005d4d7f918ed1bac86d43d0881b4d4bcb70e91f0226daeb41e9713fe1c1,ModelHashList,ModelNameList,WorkingBufferStartAddrList,copyWeightToRam,useInputAllocation,useOutputAllocation,customLayerConfigEnabled,noOnnxIoTranspose,ModelMacc-f3c1005d4d7f918ed1bac86d43d0881b4d4bcb70e91f0226daeb41e9713fe1c1,ModelActualCompression-f3c1005d4d7f918ed1bac86d43d0881b4d4bcb70e91f0226daeb41e9713fe1c1,ModelRamOccupation-f3c1005d4d7f918ed1bac86d43d0881b4d4bcb70e91f0226daeb41e9713fe1c1,ModelFlashOccupation-f3c1005d4d7f918ed1bac86d43d0881b4d4bcb70e91f0226daeb41e9713fe1c1,ActivationBuffers,ActivationBufferSizeList,MaximumNumberOfInputLayer,MaximumNumberOfOutputLayer,MaximumSizeOfInputLayer,MaximumSizeOfOutputLayer,XAaCUBEAaAICcArtificialOoIntelligenceJjCore,ApplicationCcDeviceJjApplication,copyWeightToRam-f3c1005d4d7f918ed1bac86d43d0881b4d4bcb70e91f0226daeb41e9713fe1c1,useInputAllocation-f3c1005d4d7f918ed1bac86d43d0881b4d4bcb70e91f0226daeb41e9713fe1c1,useOutputAllocation-f3c1005d4d7f918ed1bac86d43d0881b4d4bcb70e91f0226daeb41e9713fe1c1,customLayerConfigEnabled-f3c1005d4d7f918ed1bac86d43d0881b4d4bcb70e91f0226daeb41e9713fe1c1,memoryPool0name-f3c1005d4d7f918ed1bac86d43d0881b4d4bcb70e91f0226daeb41e9713fe1c1,memoryPool0driver-f3c1005d4d7f918ed1bac86d43d0881b4d4bcb70e91f0226daeb41e9713fe1c1,memoryPool0start-f3c1005d4d7f918ed1bac86d43d0881b4d4bcb70e91f0226daeb41e9713fe1c1,memoryPool0size-f3c1005d4d7f918ed1bac86d43d0881b4d4bcb70e91f0226daeb41e9713fe1c1,memoryPool0max-f3c1005d4d7f918ed1bac86d43d0881b4d4bcb70e91f0226daeb41e9713fe1c1,memoryPool0id-f3c1005d4d7f918ed1bac86d43d0881b4d4bcb70e91f0226daeb41e9713fe1c1,memoryPool0used-f3c1005d4d7f918ed1bac86d43d0881b4d4bcb70e91f0226daeb41e9713fe1c1,noOnnxIoTranspose-f3c1005d4d7f918ed1bac86d43d0881b4d4bcb70e91f0226daeb41e9713fe1c1,ReadyForCodeGeneration
STMicroelectronics.X-CUBE-AI.8.1.0.MaximumNumberOfInputLayer=1
STMicroelectronics.X-CUBE-AI.8.1.0.MaximumNumberOfOutputLayer=1
STMicroelectronics.X-CUBE-AI.8.1.0.MaximumSizeOfInputLayer=1
STMicroelectronics.X-CUBE-AI.8.1.0.MaximumSizeOfOutputLayer=1
STMicroelectronics.X-CUBE-AI.8.1.0.ModelActualCompression-f3c1005d4d7f918ed1bac86d43d0881b4d4bcb70e91f0226daeb41e9713fe1c1=0.0
STMicroelectronics.X-CUBE-AI.8.1.0.ModelCompression-f3c1005d4d7f918ed1bac86d43d0881b4d4bcb70e91f0226daeb41e9713fe1c1=Lossless
STMicroelectronics.X-CUBE-AI.8.1.0.ModelFlashOccupation-f3c1005d4d7f918ed1bac86d43d0881b4d4bcb70e91f0226daeb41e9713fe1c1=0
STMicroelectronics.X-CUBE-AI.8.1.0.ModelHashList=f3c1005d4d7f918ed1bac86d43d0881b4d4bcb70e91f0226daeb41e9713fe1c1
STMicroelectronics.X-CUBE-AI.8.1.0.ModelKind-f3c1005d4d7f918ed1bac86d43d0881b4d4bcb70e91f0226daeb41e9713fe1c1=ONNX
STMicroelectronics.X-CUBE-AI.8.1.0.ModelMacc-f3c1005d4d7f918ed1bac86d43d0881b4d4bcb70e91f0226daeb41e9713fe1c1=0
STMicroelectronics.X-CUBE-AI.8.1.0.ModelName-f3c1005d4d7f918ed1bac86d43d0881b4d4bcb70e91f0226daeb41e9713fe1c1=network
STMicroelectronics.X-CUBE-AI.8.1.0.ModelNameList=network
STMicroelectronics.X-CUBE-AI.8.1.0.ModelRamOccupation-f3c1005d4d7f918ed1bac86d43d0881b4d4bcb70e91f0226daeb41e9713fe1c1=0
STMicroelectronics.X-CUBE-AI.8.1.0.ModelStructureFile-f3c1005d4d7f918ed1bac86d43d0881b4d4bcb70e91f0226daeb41e9713fe1c1=iris_model.onnx
STMicroelectronics.X-CUBE-AI.8.1.0.ModelType-f3c1005d4d7f918ed1bac86d43d0881b4d4bcb70e91f0226daeb41e9713fe1c1=Saved model
STMicroelectronics.X-CUBE-AI.8.1.0.ReadyForCodeGeneration=false
STMicroelectronics.X-CUBE-AI.8.1.0.StackSize=0x800
STMicroelectronics.X-CUBE-AI.8.1.0.WorkingBufferStartAddrList=0xFFFFFFFF
STMicroelectronics.X-CUBE-AI.8.1.0.XAaCUBEAaAICcArtificialOoIntelligenceJjCore=true
STMicroelectronics.X-CUBE-AI.8.1.0.copyWeightToRam=false
STMicroelectronics.X-CUBE-AI.8.1.0.copyWeightToRam-f3c1005d4d7f918ed1bac86d43d0881b4d4bcb70e91f0226daeb41e9713fe1c1=false
STMicroelectronics.X-CUBE-AI.8.1.0.customLayerConfigEnabled=false
STMicroelectronics.X-CUBE-AI.8.1.0.customLayerConfigEnabled-f3c1005d4d7f918ed1bac86d43d0881b4d4bcb70e91f0226daeb41e9713fe1c1=false
STMicroelectronics.X-CUBE-AI.8.1.0.memoryPool0driver-f3c1005d4d7f918ed1bac86d43d0881b4d4bcb70e91f0226daeb41e9713fe1c1=RAM
STMicroelectronics.X-CUBE-AI.8.1.0.memoryPool0id-f3c1005d4d7f918ed1bac86d43d0881b4d4bcb70e91f0226daeb41e9713fe1c1=0
STMicroelectronics.X-CUBE-AI.8.1.0.memoryPool0max-f3c1005d4d7f918ed1bac86d43d0881b4d4bcb70e91f0226daeb41e9713fe1c1=128
STMicroelectronics.X-CUBE-AI.8.1.0.memoryPool0name-f3c1005d4d7f918ed1bac86d43d0881b4d4bcb70e91f0226daeb41e9713fe1c1=POOL_0_RAM
STMicroelectronics.X-CUBE-AI.8.1.0.memoryPool0size-f3c1005d4d7f918ed1bac86d43d0881b4d4bcb70e91f0226daeb41e9713fe1c1=109
STMicroelectronics.X-CUBE-AI.8.1.0.memoryPool0start-f3c1005d4d7f918ed1bac86d43d0881b4d4bcb70e91f0226daeb41e9713fe1c1=0x20000000
STMicroelectronics.X-CUBE-AI.8.1.0.memoryPool0used-f3c1005d4d7f918ed1bac86d43d0881b4d4bcb70e91f0226daeb41e9713fe1c1=112.0
STMicroelectronics.X-CUBE-AI.8.1.0.noOnnxIoTranspose=false
STMicroelectronics.X-CUBE-AI.8.1.0.noOnnxIoTranspose-f3c1005d4d7f918ed1bac86d43d0881b4d4bcb70e91f0226daeb41e9713fe1c1=false
STMicroelectronics.X-CUBE-AI.8.1.0.useInputAllocation=true
STMicroelectronics.X-CUBE-AI.8.1.0.useInputAllocation-f3c1005d4d7f918ed1bac86d43d0881b4d4bcb70e91f0226daeb41e9713fe1c1=true
STMicroelectronics.X-CUBE-AI.8.1.0.useOutputAllocation=true
STMicroelectronics.X-CUBE-AI.8.1.0.useOutputAllocation-f3c1005d4d7f918ed1bac86d43d0881b4d4bcb70e91f0226daeb41e9713fe1c1=true
STMicroelectronics.X-CUBE-AI.8.1.0_SwParameter=ApplicationCcDeviceJjApplication\:SystemPerformance;XAaCUBEAaAICcArtificialOoIntelligenceJjCore\:true;
USART1.IPParameters=VirtualMode
USART1.VirtualMode=VM_ASYNC
VP_CRC_VS_CRC.Mode=CRC_Activate
VP_CRC_VS_CRC.Signal=CRC_VS_CRC
VP_STMicroelectronics.X-CUBE-AI_VS_ArtificialOoIntelligenceJjXAaCUBEAaAI_8.1.0.Mode=ArtificialOoIntelligenceJjXAaCUBEAaAI
VP_STMicroelectronics.X-CUBE-AI_VS_ArtificialOoIntelligenceJjXAaCUBEAaAI_8.1.0.Signal=STMicroelectronics.X-CUBE-AI_VS_ArtificialOoIntelligenceJjXAaCUBEAaAI_8.1.0
VP_STMicroelectronics.X-CUBE-AI_VS_DeviceJjApplication_8.1.0.Mode=DeviceJjApplication
VP_STMicroelectronics.X-CUBE-AI_VS_DeviceJjApplication_8.1.0.Signal=STMicroelectronics.X-CUBE-AI_VS_DeviceJjApplication_8.1.0
VP_SYS_VS_Systick.Mode=SysTick
VP_SYS_VS_Systick.Signal=SYS_VS_Systick
board=NUCLEO-F411RE
boardIOC=true
